
Microsoft Visual Studio Solution File, Format Version 12.00
# Visual Studio 15
VisualStudioVersion = 15.0.28307.1082
MinimumVisualStudioVersion = 10.0.40219.1
Project("{FAE04EC0-301F-11D3-BF4B-00C04F79EFBC}") = "Transfer Factor", "Transfer Factor\Transfer Factor.csproj", "{4B027095-2858-44CC-8F77-5A7D24D91BFD}"
EndProject
Global
	GlobalSection(SolutionConfigurationPlatforms) = preSolution
		Debug|Any CPU = Debug|Any CPU
		Release|Any CPU = Release|Any CPU
	EndGlobalSection
	GlobalSection(ProjectConfigurationPlatforms) = postSolution
		{4B027095-2858-44CC-8F77-5A7D24D91BFD}.Debug|Any CPU.ActiveCfg = Debug|Any CPU
		{4B027095-2858-44CC-8F77-5A7D24D91BFD}.Debug|Any CPU.Build.0 = Debug|Any CPU
		{4B027095-2858-44CC-8F77-5A7D24D91BFD}.Release|Any CPU.ActiveCfg = Release|Any CPU
		{4B027095-2858-44CC-8F77-5A7D24D91BFD}.Release|Any CPU.Build.0 = Release|Any CPU
	EndGlobalSection
	GlobalSection(SolutionProperties) = preSolution
		HideSolutionNode = FALSE
	EndGlobalSection
	GlobalSection(ExtensibilityGlobals) = postSolution
		SolutionGuid = {9038B919-12BF-4352-8DFB-091A51EDC79D}
	EndGlobalSection
EndGlobal
